{
  "name": "cows",
  "version": "1.0.0",
  "lockfileVersion": 2,
  "requires": true,
  "packages": {
    "": {
      "version": "1.0.0",
      "license": "ISC",
      "dependencies": {
        "cows": "^2.1.1"
      }
    },
    "node_modules/cows": {
      "version": "2.1.1",
      "resolved": "https://registry.npmjs.org/cows/-/cows-2.1.1.tgz",
      "integrity": "sha512-AqXwB77mg4+bvr6Qo2N97qJy6Ky0mHvH51v9KiiaXL+aJ5jaNtgcgF54LI59HE34MTnKM9WnipKPJVStCInWUg==",
      "engines": {
        "node": ">=6"
      }
    }
  },
  "dependencies": {
    "cows": {
      "version": "2.1.1",
      "resolved": "https://registry.npmjs.org/cows/-/cows-2.1.1.tgz",
      "integrity": "sha512-AqXwB77mg4+bvr6Qo2N97qJy6Ky0mHvH51v9KiiaXL+aJ5jaNtgcgF54LI59HE34MTnKM9WnipKPJVStCInWUg=="
    }
  }
}
